{
  "lockfile_version": "1",
  "packages": {
    "air@1.61.7": {
      "last_modified": "2025-05-16T20:19:48Z",
      "resolved": "github:NixOS/nixpkgs/12a55407652e04dcf2309436eb06fef0d3713ef3#air",
      "source": "devbox-search",
      "version": "1.61.7",
      "systems": {
        "aarch64-darwin": {
          "outputs": [
            {
              "name": "out",
              "path": "/nix/store/bhwz4j60zkak8vb6swkpq5km1lgby4qi-air-1.61.7",
              "default": true
            }
          ],
          "store_path": "/nix/store/bhwz4j60zkak8vb6swkpq5km1lgby4qi-air-1.61.7"
        },
        "aarch64-linux": {
          "outputs": [
            {
              "name": "out",
              "path": "/nix/store/7g23bxay9zh06yhwh14vrxcisiv4knpi-air-1.61.7",
              "default": true
            }
          ],
          "store_path": "/nix/store/7g23bxay9zh06yhwh14vrxcisiv4knpi-air-1.61.7"
        },
        "x86_64-darwin": {
          "outputs": [
            {
              "name": "out",
              "path": "/nix/store/q1g27rhxn3ac3dwm72bfm7jis8ddxk7c-air-1.61.7",
              "default": true
            }
          ],
          "store_path": "/nix/store/q1g27rhxn3ac3dwm72bfm7jis8ddxk7c-air-1.61.7"
        },
        "x86_64-linux": {
          "outputs": [
            {
              "name": "out",
              "path": "/nix/store/5gavy4dh7ncjlvpi381181cby0jfx5g5-air-1.61.7",
              "default": true
            }
          ],
          "store_path": "/nix/store/5gavy4dh7ncjlvpi381181cby0jfx5g5-air-1.61.7"
        }
      }
    },
    "atlas@latest": {
      "last_modified": "2026-02-23T15:40:43Z",
      "resolved": "github:NixOS/nixpkgs/80d901ec0377e19ac3f7bb8c035201e2e098cc97#atlas",
      "source": "devbox-search",
      "version": "1.1.0",
      "systems": {
        "aarch64-darwin": {
          "outputs": [
            {
              "name": "out",
              "path": "/nix/store/rjs7188zfwm989266ybkbdvljkyrw4hp-atlas-1.1.0",
              "default": true
            }
          ],
          "store_path": "/nix/store/rjs7188zfwm989266ybkbdvljkyrw4hp-atlas-1.1.0"
        },
        "aarch64-linux": {
          "outputs": [
            {
              "name": "out",
              "path": "/nix/store/gp0m7m7pm8s74r0xmk3ancv7wqjmrcxh-atlas-1.1.0",
              "default": true
            }
          ],
          "store_path": "/nix/store/gp0m7m7pm8s74r0xmk3ancv7wqjmrcxh-atlas-1.1.0"
        },
        "x86_64-darwin": {
          "outputs": [
            {
              "name": "out",
              "path": "/nix/store/wqcjanhaykd3va7g2dz3qm54rnbzydb2-atlas-1.1.0",
              "default": true
            }
          ],
          "store_path": "/nix/store/wqcjanhaykd3va7g2dz3qm54rnbzydb2-atlas-1.1.0"
        },
        "x86_64-linux": {
          "outputs": [
            {
              "name": "out",
              "path": "/nix/store/qildrpz12kblxzr4bwcag54ivc8l83jg-atlas-1.1.0",
              "default": true
            }
          ],
          "store_path": "/nix/store/qildrpz12kblxzr4bwcag54ivc8l83jg-atlas-1.1.0"
        }
      }
    },
    "github:NixOS/nixpkgs/nixpkgs-unstable": {
      "last_modified": "2026-03-05T18:52:33Z",
      "resolved": "github:NixOS/nixpkgs/917fec990948658ef1ccd07cef2a1ef060786846?lastModified=1772736753"
    },
    "glibcLocales@latest": {
      "last_modified": "2026-02-23T15:40:43Z",
      "resolved": "github:NixOS/nixpkgs/80d901ec0377e19ac3f7bb8c035201e2e098cc97#glibcLocales",
      "source": "devbox-search",
      "version": "2.42-51",
      "systems": {
        "aarch64-linux": {
          "outputs": [
            {
              "name": "out",
              "path": "/nix/store/2m0bi1my8d60caywvn71iw3gqn3qy9vc-glibc-locales-2.42-51",
              "default": true
            }
          ],
          "store_path": "/nix/store/2m0bi1my8d60caywvn71iw3gqn3qy9vc-glibc-locales-2.42-51"
        },
        "x86_64-linux": {
          "outputs": [
            {
              "name": "out",
              "path": "/nix/store/0qlmqvyckf8zyx03n00azgznnkzgi5xw-glibc-locales-2.42-51",
              "default": true
            }
          ],
          "store_path": "/nix/store/0qlmqvyckf8zyx03n00azgznnkzgi5xw-glibc-locales-2.42-51"
        }
      }
    },
    "go@1.26.1": {
      "last_modified": "2026-03-21T07:29:51Z",
      "resolved": "github:NixOS/nixpkgs/09061f748ee21f68a089cd5d91ec1859cd93d0be#go",
      "source": "devbox-search",
      "version": "1.26.1",
      "systems": {
        "aarch64-darwin": {
          "outputs": [
            {
              "name": "out",
              "path": "/nix/store/kh43nhaz1qcpwws2xq805lrmwpmn9i3k-go-1.26.1",
              "default": true
            }
          ],
          "store_path": "/nix/store/kh43nhaz1qcpwws2xq805lrmwpmn9i3k-go-1.26.1"
        },
        "aarch64-linux": {
          "outputs": [
            {
              "name": "out",
              "path": "/nix/store/rz1pqbm5z3zfby250i0djfmfzzj7khg9-go-1.26.1",
              "default": true
            }
          ],
          "store_path": "/nix/store/rz1pqbm5z3zfby250i0djfmfzzj7khg9-go-1.26.1"
        },
        "x86_64-darwin": {
          "outputs": [
            {
              "name": "out",
              "path": "/nix/store/yv6jj27racylbfjw6a1cdr91ndxbgyf6-go-1.26.1",
              "default": true
            }
          ],
          "store_path": "/nix/store/yv6jj27racylbfjw6a1cdr91ndxbgyf6-go-1.26.1"
        },
        "x86_64-linux": {
          "outputs": [
            {
              "name": "out",
              "path": "/nix/store/ckcq2mj8zk0drhaaacy6mp9d924hnr4m-go-1.26.1",
              "default": true
            }
          ],
          "store_path": "/nix/store/ckcq2mj8zk0drhaaacy6mp9d924hnr4m-go-1.26.1"
        }
      }
    },
    "postgresql_17@latest": {
      "last_modified": "2024-12-22T08:27:48Z",
      "plugin_version": "0.0.2",
      "resolved": "github:NixOS/nixpkgs/93ff48c9be84a76319dac293733df09bbbe3f25c#postgresql_17",
      "source": "devbox-search",
      "version": "17.1",
      "systems": {
        "aarch64-darwin": {
          "outputs": [
            {
              "name": "out",
              "path": "/nix/store/l25sfwhmkg9sy3bp8gvk5372xbrxsjld-postgresql-17.1",
              "default": true
            },
            {
              "name": "man",
              "path": "/nix/store/5kggab1xrqiggfdxd9919dp74ckaw4j1-postgresql-17.1-man",
              "default": true
            },
            {
              "name": "dev",
              "path": "/nix/store/mr90ndxiwc97455df4hwmwr9gn695357-postgresql-17.1-dev"
            },
            {
              "name": "doc",
              "path": "/nix/store/pdpp0slrghgfic6fzh58mzig0hdbqpmd-postgresql-17.1-doc"
            },
            {
              "name": "lib",
              "path": "/nix/store/sayrsqfa0rwfs3zqvwslgpz6aalvbs3q-postgresql-17.1-lib"
            }
          ],
          "store_path": "/nix/store/l25sfwhmkg9sy3bp8gvk5372xbrxsjld-postgresql-17.1"
        },
        "aarch64-linux": {
          "outputs": [
            {
              "name": "out",
              "path": "/nix/store/mwjghibhmk8v8z98scy4qj6cimrc94g7-postgresql-17.1",
              "default": true
            },
            {
              "name": "man",
              "path": "/nix/store/grhl0mnpfwq93ar5ldynd6glq29m4k6y-postgresql-17.1-man",
              "default": true
            },
            {
              "name": "debug",
              "path": "/nix/store/cmq1r81as95jjmk9vf2i5vl78d9zjdh5-postgresql-17.1-debug"
            },
            {
              "name": "dev",
              "path": "/nix/store/wnal3kfgrl3wnh7xyrzzcm4ngihsbfv8-postgresql-17.1-dev"
            },
            {
              "name": "doc",
              "path": "/nix/store/jyg2hgdfazxn6q5f16jqcpixx0vikkv5-postgresql-17.1-doc"
            },
            {
              "name": "lib",
              "path": "/nix/store/bmwksmvifm77f09rs0jshs48ik6w7fda-postgresql-17.1-lib"
            }
          ],
          "store_path": "/nix/store/mwjghibhmk8v8z98scy4qj6cimrc94g7-postgresql-17.1"
        },
        "x86_64-darwin": {
          "outputs": [
            {
              "name": "out",
              "path": "/nix/store/9dhdq8xh6vgkihwslb4h5hfw41g1xkpa-postgresql-17.1",
              "default": true
            },
            {
              "name": "man",
              "path": "/nix/store/4mg81k14awdgrbhazr4aicgmzkp0gpjk-postgresql-17.1-man",
              "default": true
            },
            {
              "name": "dev",
              "path": "/nix/store/4whhg776i1hl6sjyw0l9qh8n64chhhr2-postgresql-17.1-dev"
            },
            {
              "name": "doc",
              "path": "/nix/store/wlq2lghr87x1102plapqjm1fj1gn9mzj-postgresql-17.1-doc"
            },
            {
              "name": "lib",
              "path": "/nix/store/jvzd6klmmbgz45jp5vh6z5bplr5p8dg3-postgresql-17.1-lib"
            }
          ],
          "store_path": "/nix/store/9dhdq8xh6vgkihwslb4h5hfw41g1xkpa-postgresql-17.1"
        },
        "x86_64-linux": {
          "outputs": [
            {
              "name": "out",
              "path": "/nix/store/j70pk2jhkv86dlmys0xf5jssacz7f4cd-postgresql-17.1",
              "default": true
            },
            {
              "name": "man",
              "path": "/nix/store/m21hdfws10fi74hnsql1m8q21v4nda1d-postgresql-17.1-man",
              "default": true
            },
            {
              "name": "debug",
              "path": "/nix/store/r1x7flf46zbc2zipnimvm1gp0hvk11yk-postgresql-17.1-debug"
            },
            {
              "name": "dev",
              "path": "/nix/store/1mcmns7893i8040dpy5biw2x2g0pis26-postgresql-17.1-dev"
            },
            {
              "name": "doc",
              "path": "/nix/store/5zl70spm7wbl4l0maxz56yc9ll7i0ajz-postgresql-17.1-doc"
            },
            {
              "name": "lib",
              "path": "/nix/store/xigrk9jaf2kmnsqw78580mys0gnshvpc-postgresql-17.1-lib"
            }
          ],
          "store_path": "/nix/store/j70pk2jhkv86dlmys0xf5jssacz7f4cd-postgresql-17.1"
        }
      }
    },
    "redis@7.2.4": {
      "last_modified": "2024-06-11T07:07:27Z",
      "plugin_version": "0.0.2",
      "resolved": "github:NixOS/nixpkgs/f7207adcc68d9cafa29e3cd252a18743ae512c6a#redis",
      "source": "devbox-search",
      "version": "7.2.4",
      "systems": {
        "aarch64-darwin": {
          "outputs": [
            {
              "name": "out",
              "path": "/nix/store/f1hmasfrq0s1yag27kmdwv97cjxv85rm-redis-7.2.4",
              "default": true
            }
          ],
          "store_path": "/nix/store/f1hmasfrq0s1yag27kmdwv97cjxv85rm-redis-7.2.4"
        },
        "aarch64-linux": {
          "outputs": [
            {
              "name": "out",
              "path": "/nix/store/5ay0vkvk8l2n8fgxnmxdci1y1ldafnx8-redis-7.2.4",
              "default": true
            }
          ],
          "store_path": "/nix/store/5ay0vkvk8l2n8fgxnmxdci1y1ldafnx8-redis-7.2.4"
        },
        "x86_64-darwin": {
          "outputs": [
            {
              "name": "out",
              "path": "/nix/store/5l40xjgzqsd56dx5zfwr2v6sfpk12lkl-redis-7.2.4",
              "default": true
            }
          ],
          "store_path": "/nix/store/5l40xjgzqsd56dx5zfwr2v6sfpk12lkl-redis-7.2.4"
        },
        "x86_64-linux": {
          "outputs": [
            {
              "name": "out",
              "path": "/nix/store/xlvzg81dgimxfjxpxwr2w3q1ca3l5lwa-redis-7.2.4",
              "default": true
            }
          ],
          "store_path": "/nix/store/xlvzg81dgimxfjxpxwr2w3q1ca3l5lwa-redis-7.2.4"
        }
      }
    },
    "sqlc@latest": {
      "last_modified": "2026-02-23T15:40:43Z",
      "resolved": "github:NixOS/nixpkgs/80d901ec0377e19ac3f7bb8c035201e2e098cc97#sqlc",
      "source": "devbox-search",
      "version": "1.30.0",
      "systems": {
        "aarch64-darwin": {
          "outputs": [
            {
              "name": "out",
              "path": "/nix/store/8zw1h55d3f85ydl10m206bdycpqx6rbz-sqlc-1.30.0",
              "default": true
            }
          ],
          "store_path": "/nix/store/8zw1h55d3f85ydl10m206bdycpqx6rbz-sqlc-1.30.0"
        },
        "aarch64-linux": {
          "outputs": [
            {
              "name": "out",
              "path": "/nix/store/8i4nngyp5m0qzmpkn0zp21ac6wdmrj5i-sqlc-1.30.0",
              "default": true
            }
          ],
          "store_path": "/nix/store/8i4nngyp5m0qzmpkn0zp21ac6wdmrj5i-sqlc-1.30.0"
        },
        "x86_64-darwin": {
          "outputs": [
            {
              "name": "out",
              "path": "/nix/store/vi5xmycdyx58kc7ksaffbwg6zgmx7bva-sqlc-1.30.0",
              "default": true
            }
          ],
          "store_path": "/nix/store/vi5xmycdyx58kc7ksaffbwg6zgmx7bva-sqlc-1.30.0"
        },
        "x86_64-linux": {
          "outputs": [
            {
              "name": "out",
              "path": "/nix/store/kn0ind99j7zgrxyzrlngd00k5fgs1ks7-sqlc-1.30.0",
              "default": true
            }
          ],
          "store_path": "/nix/store/kn0ind99j7zgrxyzrlngd00k5fgs1ks7-sqlc-1.30.0"
        }
      }
    }
  }
}
